
Microsoft Visual Studio Solution File, Format Version 12.00
# Visual Studio 2013
VisualStudioVersion = 12.0.31101.0
MinimumVisualStudioVersion = 10.0.40219.1
Project("{FAE04EC0-301F-11D3-BF4B-00C04F79EFBC}") = "SecureWebAPI", "SecureWebAPI\SecureWebAPI.csproj", "{047413C9-6CA7-48E9-9C16-BA07220F0D03}"
EndProject
Project("{FAE04EC0-301F-11D3-BF4B-00C04F79EFBC}") = "Client", "Client\Client.csproj", "{489B71CC-9E20-4B99-982D-48F074866F24}"
EndProject
Global
	GlobalSection(SolutionConfigurationPlatforms) = preSolution
		Debug|Any CPU = Debug|Any CPU
		Release|Any CPU = Release|Any CPU
	EndGlobalSection
	GlobalSection(ProjectConfigurationPlatforms) = postSolution
		{047413C9-6CA7-48E9-9C16-BA07220F0D03}.Debug|Any CPU.ActiveCfg = Debug|Any CPU
		{047413C9-6CA7-48E9-9C16-BA07220F0D03}.Debug|Any CPU.Build.0 = Debug|Any CPU
		{047413C9-6CA7-48E9-9C16-BA07220F0D03}.Release|Any CPU.ActiveCfg = Release|Any CPU
		{047413C9-6CA7-48E9-9C16-BA07220F0D03}.Release|Any CPU.Build.0 = Release|Any CPU
		{489B71CC-9E20-4B99-982D-48F074866F24}.Debug|Any CPU.ActiveCfg = Debug|Any CPU
		{489B71CC-9E20-4B99-982D-48F074866F24}.Debug|Any CPU.Build.0 = Debug|Any CPU
		{489B71CC-9E20-4B99-982D-48F074866F24}.Release|Any CPU.ActiveCfg = Release|Any CPU
		{489B71CC-9E20-4B99-982D-48F074866F24}.Release|Any CPU.Build.0 = Release|Any CPU
	EndGlobalSection
	GlobalSection(SolutionProperties) = preSolution
		HideSolutionNode = FALSE
	EndGlobalSection
EndGlobal
